
Microsoft Visual Studio Solution File, Format Version 12.00
# Visual Studio Version 17
VisualStudioVersion = 17.4.33122.133
MinimumVisualStudioVersion = 10.0.40219.1
Project("{FAE04EC0-301F-11D3-BF4B-00C04F79EFBC}") = "ClarityMovement", "ClarityMovement\ClarityMovement.csproj", "{4F3DEDEF-221B-43AE-A068-536E4291602B}"
EndProject
Project("{9A19103F-16F7-4668-BE54-9A1E7A4F7556}") = "Clarity", "..\Clarity\Clarity\Clarity.csproj", "{5B1AD467-8864-4FE0-806C-C269E470018C}"
EndProject
Project("{9A19103F-16F7-4668-BE54-9A1E7A4F7556}") = "Clarity.Engine", "..\Clarity\Clarity.Engine\Clarity.Engine.csproj", "{F4BA5672-73B5-4887-AFBD-528616F332C1}"
EndProject
Project("{9A19103F-16F7-4668-BE54-9A1E7A4F7556}") = "Clarity.GUI", "..\Clarity\Clarity.GUI\Clarity.GUI.csproj", "{C7778074-96CB-44E3-94A6-071CAC6D11F8}"
EndProject
Global
	GlobalSection(SolutionConfigurationPlatforms) = preSolution
		Debug|Any CPU = Debug|Any CPU
		Release|Any CPU = Release|Any CPU
	EndGlobalSection
	GlobalSection(ProjectConfigurationPlatforms) = postSolution
		{4F3DEDEF-221B-43AE-A068-536E4291602B}.Debug|Any CPU.ActiveCfg = Debug|Any CPU
		{4F3DEDEF-221B-43AE-A068-536E4291602B}.Debug|Any CPU.Build.0 = Debug|Any CPU
		{4F3DEDEF-221B-43AE-A068-536E4291602B}.Release|Any CPU.ActiveCfg = Release|Any CPU
		{4F3DEDEF-221B-43AE-A068-536E4291602B}.Release|Any CPU.Build.0 = Release|Any CPU
		{5B1AD467-8864-4FE0-806C-C269E470018C}.Debug|Any CPU.ActiveCfg = Debug|Any CPU
		{5B1AD467-8864-4FE0-806C-C269E470018C}.Debug|Any CPU.Build.0 = Debug|Any CPU
		{5B1AD467-8864-4FE0-806C-C269E470018C}.Release|Any CPU.ActiveCfg = Release|Any CPU
		{5B1AD467-8864-4FE0-806C-C269E470018C}.Release|Any CPU.Build.0 = Release|Any CPU
		{F4BA5672-73B5-4887-AFBD-528616F332C1}.Debug|Any CPU.ActiveCfg = Debug|Any CPU
		{F4BA5672-73B5-4887-AFBD-528616F332C1}.Debug|Any CPU.Build.0 = Debug|Any CPU
		{F4BA5672-73B5-4887-AFBD-528616F332C1}.Release|Any CPU.ActiveCfg = Release|Any CPU
		{F4BA5672-73B5-4887-AFBD-528616F332C1}.Release|Any CPU.Build.0 = Release|Any CPU
		{C7778074-96CB-44E3-94A6-071CAC6D11F8}.Debug|Any CPU.ActiveCfg = Debug|Any CPU
		{C7778074-96CB-44E3-94A6-071CAC6D11F8}.Debug|Any CPU.Build.0 = Debug|Any CPU
		{C7778074-96CB-44E3-94A6-071CAC6D11F8}.Release|Any CPU.ActiveCfg = Release|Any CPU
		{C7778074-96CB-44E3-94A6-071CAC6D11F8}.Release|Any CPU.Build.0 = Release|Any CPU
	EndGlobalSection
	GlobalSection(SolutionProperties) = preSolution
		HideSolutionNode = FALSE
	EndGlobalSection
	GlobalSection(ExtensibilityGlobals) = postSolution
		SolutionGuid = {C40AEFFC-0226-467B-9167-E8DCC82C59D4}
	EndGlobalSection
EndGlobal
