
Microsoft Visual Studio Solution File, Format Version 12.00
# Visual Studio Version 16
VisualStudioVersion = 16.0.32002.261
MinimumVisualStudioVersion = 10.0.40219.1
Project("{9A19103F-16F7-4668-BE54-9A1E7A4F7556}") = "ClarityIntensity", "ClarityIntensity\ClarityIntensity.csproj", "{CBD78D95-7196-4718-8A28-7DA479D1D808}"
EndProject
Project("{9A19103F-16F7-4668-BE54-9A1E7A4F7556}") = "Clarity", "..\Clarity\Clarity\Clarity.csproj", "{1FCF6A6A-6441-4B72-95C6-AA4EC382FB7E}"
EndProject
Project("{9A19103F-16F7-4668-BE54-9A1E7A4F7556}") = "Clarity.Engine", "..\Clarity\Clarity.Engine\Clarity.Engine.csproj", "{2AB1CF68-8DD8-461F-8870-DB22C640A656}"
EndProject
Global
	GlobalSection(SolutionConfigurationPlatforms) = preSolution
		Debug|Any CPU = Debug|Any CPU
		Release|Any CPU = Release|Any CPU
	EndGlobalSection
	GlobalSection(ProjectConfigurationPlatforms) = postSolution
		{CBD78D95-7196-4718-8A28-7DA479D1D808}.Debug|Any CPU.ActiveCfg = Debug|Any CPU
		{CBD78D95-7196-4718-8A28-7DA479D1D808}.Debug|Any CPU.Build.0 = Debug|Any CPU
		{CBD78D95-7196-4718-8A28-7DA479D1D808}.Release|Any CPU.ActiveCfg = Release|Any CPU
		{CBD78D95-7196-4718-8A28-7DA479D1D808}.Release|Any CPU.Build.0 = Release|Any CPU
		{1FCF6A6A-6441-4B72-95C6-AA4EC382FB7E}.Debug|Any CPU.ActiveCfg = Debug|Any CPU
		{1FCF6A6A-6441-4B72-95C6-AA4EC382FB7E}.Debug|Any CPU.Build.0 = Debug|Any CPU
		{1FCF6A6A-6441-4B72-95C6-AA4EC382FB7E}.Release|Any CPU.ActiveCfg = Release|Any CPU
		{1FCF6A6A-6441-4B72-95C6-AA4EC382FB7E}.Release|Any CPU.Build.0 = Release|Any CPU
		{2AB1CF68-8DD8-461F-8870-DB22C640A656}.Debug|Any CPU.ActiveCfg = Debug|Any CPU
		{2AB1CF68-8DD8-461F-8870-DB22C640A656}.Debug|Any CPU.Build.0 = Debug|Any CPU
		{2AB1CF68-8DD8-461F-8870-DB22C640A656}.Release|Any CPU.ActiveCfg = Release|Any CPU
		{2AB1CF68-8DD8-461F-8870-DB22C640A656}.Release|Any CPU.Build.0 = Release|Any CPU
	EndGlobalSection
	GlobalSection(SolutionProperties) = preSolution
		HideSolutionNode = FALSE
	EndGlobalSection
	GlobalSection(ExtensibilityGlobals) = postSolution
		SolutionGuid = {062746FB-181D-41F9-B51B-0DA25C21A9EE}
	EndGlobalSection
EndGlobal
