
Microsoft Visual Studio Solution File, Format Version 12.00
# Visual Studio Version 17
VisualStudioVersion = 17.5.33424.131
MinimumVisualStudioVersion = 10.0.40219.1
Project("{9A19103F-16F7-4668-BE54-9A1E7A4F7556}") = "ClarityOrbit", "ClarityOrbit\ClarityOrbit.csproj", "{85A12C68-D58D-4F19-B743-82DB9EEB20F1}"
EndProject
Project("{9A19103F-16F7-4668-BE54-9A1E7A4F7556}") = "Clarity.Engine", "..\Clarity\Clarity.Engine\Clarity.Engine.csproj", "{E8F10219-5DDB-43E0-AFF5-96FAAF12A5C0}"
EndProject
Project("{9A19103F-16F7-4668-BE54-9A1E7A4F7556}") = "Clarity.GUI", "..\Clarity\Clarity.GUI\Clarity.GUI.csproj", "{6BB17743-6AB2-4FA8-960A-4DE9D9447F11}"
EndProject
Project("{9A19103F-16F7-4668-BE54-9A1E7A4F7556}") = "Clarity", "..\Clarity\Clarity\Clarity.csproj", "{A45DAD2F-9EB9-45D8-9C2A-F5E9E2FD2E91}"
EndProject
Global
	GlobalSection(SolutionConfigurationPlatforms) = preSolution
		Debug|Any CPU = Debug|Any CPU
		Release|Any CPU = Release|Any CPU
	EndGlobalSection
	GlobalSection(ProjectConfigurationPlatforms) = postSolution
		{85A12C68-D58D-4F19-B743-82DB9EEB20F1}.Debug|Any CPU.ActiveCfg = Debug|Any CPU
		{85A12C68-D58D-4F19-B743-82DB9EEB20F1}.Debug|Any CPU.Build.0 = Debug|Any CPU
		{85A12C68-D58D-4F19-B743-82DB9EEB20F1}.Release|Any CPU.ActiveCfg = Release|Any CPU
		{85A12C68-D58D-4F19-B743-82DB9EEB20F1}.Release|Any CPU.Build.0 = Release|Any CPU
		{E8F10219-5DDB-43E0-AFF5-96FAAF12A5C0}.Debug|Any CPU.ActiveCfg = Debug|Any CPU
		{E8F10219-5DDB-43E0-AFF5-96FAAF12A5C0}.Debug|Any CPU.Build.0 = Debug|Any CPU
		{E8F10219-5DDB-43E0-AFF5-96FAAF12A5C0}.Release|Any CPU.ActiveCfg = Release|Any CPU
		{E8F10219-5DDB-43E0-AFF5-96FAAF12A5C0}.Release|Any CPU.Build.0 = Release|Any CPU
		{6BB17743-6AB2-4FA8-960A-4DE9D9447F11}.Debug|Any CPU.ActiveCfg = Debug|Any CPU
		{6BB17743-6AB2-4FA8-960A-4DE9D9447F11}.Debug|Any CPU.Build.0 = Debug|Any CPU
		{6BB17743-6AB2-4FA8-960A-4DE9D9447F11}.Release|Any CPU.ActiveCfg = Release|Any CPU
		{6BB17743-6AB2-4FA8-960A-4DE9D9447F11}.Release|Any CPU.Build.0 = Release|Any CPU
		{A45DAD2F-9EB9-45D8-9C2A-F5E9E2FD2E91}.Debug|Any CPU.ActiveCfg = Debug|Any CPU
		{A45DAD2F-9EB9-45D8-9C2A-F5E9E2FD2E91}.Debug|Any CPU.Build.0 = Debug|Any CPU
		{A45DAD2F-9EB9-45D8-9C2A-F5E9E2FD2E91}.Release|Any CPU.ActiveCfg = Release|Any CPU
		{A45DAD2F-9EB9-45D8-9C2A-F5E9E2FD2E91}.Release|Any CPU.Build.0 = Release|Any CPU
	EndGlobalSection
	GlobalSection(SolutionProperties) = preSolution
		HideSolutionNode = FALSE
	EndGlobalSection
	GlobalSection(ExtensibilityGlobals) = postSolution
		SolutionGuid = {CC00962C-7742-44B8-B509-B8B61CD9126F}
	EndGlobalSection
EndGlobal
