
Microsoft Visual Studio Solution File, Format Version 12.00
# Visual Studio Version 17
VisualStudioVersion = 17.2.32526.322
MinimumVisualStudioVersion = 10.0.40219.1
Project("{9A19103F-16F7-4668-BE54-9A1E7A4F7556}") = "Clarity", "Clarity\Clarity.csproj", "{6724AAD5-E2DD-4D91-AF3F-23E5B5663D74}"
EndProject
Project("{9A19103F-16F7-4668-BE54-9A1E7A4F7556}") = "Clarity.Engine", "Clarity.Engine\Clarity.Engine.csproj", "{1523A73E-BD86-4726-A1B3-9244AE835FB5}"
EndProject
Project("{9A19103F-16F7-4668-BE54-9A1E7A4F7556}") = "ClarityAid", "ClarityAid\ClarityAid.csproj", "{108C9EBA-4C0A-48FE-9036-E84D13D9FF21}"
EndProject
Project("{9A19103F-16F7-4668-BE54-9A1E7A4F7556}") = "Clarity.GUI", "Clarity.GUI\Clarity.GUI.csproj", "{3121AFBC-0637-4E1C-9E74-19AEF4787297}"
EndProject
Project("{FAE04EC0-301F-11D3-BF4B-00C04F79EFBC}") = "Clarity.DB", "Clarity.DB\Clarity.DB.csproj", "{CDDC22DA-537A-4C44-918A-DCF64947C3BF}"
EndProject
Global
	GlobalSection(SolutionConfigurationPlatforms) = preSolution
		Debug|Any CPU = Debug|Any CPU
		Release|Any CPU = Release|Any CPU
	EndGlobalSection
	GlobalSection(ProjectConfigurationPlatforms) = postSolution
		{6724AAD5-E2DD-4D91-AF3F-23E5B5663D74}.Debug|Any CPU.ActiveCfg = Debug|Any CPU
		{6724AAD5-E2DD-4D91-AF3F-23E5B5663D74}.Debug|Any CPU.Build.0 = Debug|Any CPU
		{6724AAD5-E2DD-4D91-AF3F-23E5B5663D74}.Release|Any CPU.ActiveCfg = Release|Any CPU
		{6724AAD5-E2DD-4D91-AF3F-23E5B5663D74}.Release|Any CPU.Build.0 = Release|Any CPU
		{1523A73E-BD86-4726-A1B3-9244AE835FB5}.Debug|Any CPU.ActiveCfg = Debug|Any CPU
		{1523A73E-BD86-4726-A1B3-9244AE835FB5}.Debug|Any CPU.Build.0 = Debug|Any CPU
		{1523A73E-BD86-4726-A1B3-9244AE835FB5}.Release|Any CPU.ActiveCfg = Release|Any CPU
		{1523A73E-BD86-4726-A1B3-9244AE835FB5}.Release|Any CPU.Build.0 = Release|Any CPU
		{108C9EBA-4C0A-48FE-9036-E84D13D9FF21}.Debug|Any CPU.ActiveCfg = Debug|Any CPU
		{108C9EBA-4C0A-48FE-9036-E84D13D9FF21}.Debug|Any CPU.Build.0 = Debug|Any CPU
		{108C9EBA-4C0A-48FE-9036-E84D13D9FF21}.Release|Any CPU.ActiveCfg = Release|Any CPU
		{108C9EBA-4C0A-48FE-9036-E84D13D9FF21}.Release|Any CPU.Build.0 = Release|Any CPU
		{3121AFBC-0637-4E1C-9E74-19AEF4787297}.Debug|Any CPU.ActiveCfg = Debug|Any CPU
		{3121AFBC-0637-4E1C-9E74-19AEF4787297}.Debug|Any CPU.Build.0 = Debug|Any CPU
		{3121AFBC-0637-4E1C-9E74-19AEF4787297}.Release|Any CPU.ActiveCfg = Release|Any CPU
		{3121AFBC-0637-4E1C-9E74-19AEF4787297}.Release|Any CPU.Build.0 = Release|Any CPU
		{CDDC22DA-537A-4C44-918A-DCF64947C3BF}.Debug|Any CPU.ActiveCfg = Debug|Any CPU
		{CDDC22DA-537A-4C44-918A-DCF64947C3BF}.Debug|Any CPU.Build.0 = Debug|Any CPU
		{CDDC22DA-537A-4C44-918A-DCF64947C3BF}.Release|Any CPU.ActiveCfg = Release|Any CPU
		{CDDC22DA-537A-4C44-918A-DCF64947C3BF}.Release|Any CPU.Build.0 = Release|Any CPU
	EndGlobalSection
	GlobalSection(SolutionProperties) = preSolution
		HideSolutionNode = FALSE
	EndGlobalSection
	GlobalSection(ExtensibilityGlobals) = postSolution
		SolutionGuid = {BAD37853-FA98-4859-A0A4-A0E95EF1BB4F}
	EndGlobalSection
EndGlobal
