
Microsoft Visual Studio Solution File, Format Version 12.00
# Visual Studio Version 17
VisualStudioVersion = 17.4.33213.308
MinimumVisualStudioVersion = 10.0.40219.1
Project("{FAE04EC0-301F-11D3-BF4B-00C04F79EFBC}") = "ClarityCameraViewer", "ClarityCameraViewer\ClarityCameraViewer.csproj", "{816BB809-BD4C-4BBA-8E0D-571001460D85}"
EndProject
Project("{9A19103F-16F7-4668-BE54-9A1E7A4F7556}") = "Clarity.Cv", "..\Clarity\Clarity.Cv\Clarity.Cv.csproj", "{4F9BA025-A678-4C48-B151-2F72CB9FDEFC}"
EndProject
Project("{9A19103F-16F7-4668-BE54-9A1E7A4F7556}") = "Clarity.GUI", "..\Clarity\Clarity.GUI\Clarity.GUI.csproj", "{A180685F-BC36-4E22-A954-0674D35ADD10}"
EndProject
Global
	GlobalSection(SolutionConfigurationPlatforms) = preSolution
		Debug|Any CPU = Debug|Any CPU
		Release|Any CPU = Release|Any CPU
	EndGlobalSection
	GlobalSection(ProjectConfigurationPlatforms) = postSolution
		{816BB809-BD4C-4BBA-8E0D-571001460D85}.Debug|Any CPU.ActiveCfg = Debug|Any CPU
		{816BB809-BD4C-4BBA-8E0D-571001460D85}.Debug|Any CPU.Build.0 = Debug|Any CPU
		{816BB809-BD4C-4BBA-8E0D-571001460D85}.Release|Any CPU.ActiveCfg = Release|Any CPU
		{816BB809-BD4C-4BBA-8E0D-571001460D85}.Release|Any CPU.Build.0 = Release|Any CPU
		{4F9BA025-A678-4C48-B151-2F72CB9FDEFC}.Debug|Any CPU.ActiveCfg = Debug|Any CPU
		{4F9BA025-A678-4C48-B151-2F72CB9FDEFC}.Debug|Any CPU.Build.0 = Debug|Any CPU
		{4F9BA025-A678-4C48-B151-2F72CB9FDEFC}.Release|Any CPU.ActiveCfg = Release|Any CPU
		{4F9BA025-A678-4C48-B151-2F72CB9FDEFC}.Release|Any CPU.Build.0 = Release|Any CPU
		{A180685F-BC36-4E22-A954-0674D35ADD10}.Debug|Any CPU.ActiveCfg = Debug|Any CPU
		{A180685F-BC36-4E22-A954-0674D35ADD10}.Debug|Any CPU.Build.0 = Debug|Any CPU
		{A180685F-BC36-4E22-A954-0674D35ADD10}.Release|Any CPU.ActiveCfg = Release|Any CPU
		{A180685F-BC36-4E22-A954-0674D35ADD10}.Release|Any CPU.Build.0 = Release|Any CPU
	EndGlobalSection
	GlobalSection(SolutionProperties) = preSolution
		HideSolutionNode = FALSE
	EndGlobalSection
	GlobalSection(ExtensibilityGlobals) = postSolution
		SolutionGuid = {5781DEDB-3532-4858-B243-A82E54C4B726}
	EndGlobalSection
EndGlobal
